
Microsoft Visual Studio Solution File, Format Version 12.00
# Visual Studio Version 17
VisualStudioVersion = 17.14.36429.23 d17.14
MinimumVisualStudioVersion = 10.0.40219.1
Project("{FAE04EC0-301F-11D3-BF4B-00C04F79EFBC}") = "MilitaryLibrary", "MilitaryLibrary\MilitaryLibrary.csproj", "{CC277960-CF36-48D6-8B6B-0F600CB1AD77}"
EndProject
Project("{FAE04EC0-301F-11D3-BF4B-00C04F79EFBC}") = "MilitaryLibrary.UnitTests", "MilitaryLibrary.UnitTests\MilitaryLibrary.UnitTests.csproj", "{39ABDC76-CEB7-4FD7-B566-802E7355A3C7}"
EndProject
Global
	GlobalSection(SolutionConfigurationPlatforms) = preSolution
		Debug|Any CPU = Debug|Any CPU
		Release|Any CPU = Release|Any CPU
	EndGlobalSection
	GlobalSection(ProjectConfigurationPlatforms) = postSolution
		{CC277960-CF36-48D6-8B6B-0F600CB1AD77}.Debug|Any CPU.ActiveCfg = Debug|Any CPU
		{CC277960-CF36-48D6-8B6B-0F600CB1AD77}.Debug|Any CPU.Build.0 = Debug|Any CPU
		{CC277960-CF36-48D6-8B6B-0F600CB1AD77}.Release|Any CPU.ActiveCfg = Release|Any CPU
		{CC277960-CF36-48D6-8B6B-0F600CB1AD77}.Release|Any CPU.Build.0 = Release|Any CPU
		{39ABDC76-CEB7-4FD7-B566-802E7355A3C7}.Debug|Any CPU.ActiveCfg = Debug|Any CPU
		{39ABDC76-CEB7-4FD7-B566-802E7355A3C7}.Debug|Any CPU.Build.0 = Debug|Any CPU
		{39ABDC76-CEB7-4FD7-B566-802E7355A3C7}.Release|Any CPU.ActiveCfg = Release|Any CPU
		{39ABDC76-CEB7-4FD7-B566-802E7355A3C7}.Release|Any CPU.Build.0 = Release|Any CPU
	EndGlobalSection
	GlobalSection(SolutionProperties) = preSolution
		HideSolutionNode = FALSE
	EndGlobalSection
	GlobalSection(ExtensibilityGlobals) = postSolution
		SolutionGuid = {16DFCAC2-4F79-42BB-8B3F-FB5498779605}
	EndGlobalSection
EndGlobal
